{
  "name": "examples",
  "lockfileVersion": 3,
  "requires": true,
  "packages": {
    "": {
      "dependencies": {
        "onnxruntime-node": "^1.16.3"
      }
    },
    "node_modules/onnxruntime-common": {
      "version": "1.16.3",
      "resolved": "https://registry.npmjs.org/onnxruntime-common/-/onnxruntime-common-1.16.3.tgz",
      "integrity": "sha512-ZZfFzEqBf6YIGwB9PtBLESHI53jMXA+/hn+ACVUbEfPuK2xI5vMGpLPn+idpwCmHsKJNRzRwqV12K+6TQj6tug=="
    },
    "node_modules/onnxruntime-node": {
      "version": "1.16.3",
      "resolved": "https://registry.npmjs.org/onnxruntime-node/-/onnxruntime-node-1.16.3.tgz",
      "integrity": "sha512-6T2pjwg5ik74VnI1IXFzxvPAm2UCo+vNNsDGbMP+A2q6GZPMYai2pMA17g3YMUvgOZLwsjWBUwNIlP4QaVRFlA==",
      "os": [
        "win32",
        "darwin",
        "linux"
      ],
      "dependencies": {
        "onnxruntime-common": "~1.16.3"
      }
    }
  }
}
